
Microsoft Visual Studio Solution File, Format Version 12.00
# Visual Studio Version 16
VisualStudioVersion = 16.6.30114.105
MinimumVisualStudioVersion = 10.0.40219.1
Project("{FAE04EC0-301F-11D3-BF4B-00C04F79EFBC}") = "API", "API\API.csproj", "{96025591-5FEC-4A22-B81A-01A7D25DB38D}"
EndProject
Project("{FAE04EC0-301F-11D3-BF4B-00C04F79EFBC}") = "Core", "Core\Core.csproj", "{A498D92A-1969-4ECE-8299-D555C7CAE4CC}"
EndProject
Project("{FAE04EC0-301F-11D3-BF4B-00C04F79EFBC}") = "Infrastructure", "Infrastructure\Infrastructure.csproj", "{EDFFDEEC-9234-4C42-9E2E-7B9B39A712D3}"
EndProject
Global
	GlobalSection(SolutionConfigurationPlatforms) = preSolution
		Debug|Any CPU = Debug|Any CPU
		Debug|x64 = Debug|x64
		Debug|x86 = Debug|x86
		Release|Any CPU = Release|Any CPU
		Release|x64 = Release|x64
		Release|x86 = Release|x86
	EndGlobalSection
	GlobalSection(SolutionProperties) = preSolution
		HideSolutionNode = FALSE
	EndGlobalSection
	GlobalSection(ProjectConfigurationPlatforms) = postSolution
		{96025591-5FEC-4A22-B81A-01A7D25DB38D}.Debug|Any CPU.ActiveCfg = Debug|Any CPU
		{96025591-5FEC-4A22-B81A-01A7D25DB38D}.Debug|Any CPU.Build.0 = Debug|Any CPU
		{96025591-5FEC-4A22-B81A-01A7D25DB38D}.Debug|x64.ActiveCfg = Debug|Any CPU
		{96025591-5FEC-4A22-B81A-01A7D25DB38D}.Debug|x64.Build.0 = Debug|Any CPU
		{96025591-5FEC-4A22-B81A-01A7D25DB38D}.Debug|x86.ActiveCfg = Debug|Any CPU
		{96025591-5FEC-4A22-B81A-01A7D25DB38D}.Debug|x86.Build.0 = Debug|Any CPU
		{96025591-5FEC-4A22-B81A-01A7D25DB38D}.Release|Any CPU.ActiveCfg = Release|Any CPU
		{96025591-5FEC-4A22-B81A-01A7D25DB38D}.Release|Any CPU.Build.0 = Release|Any CPU
		{96025591-5FEC-4A22-B81A-01A7D25DB38D}.Release|x64.ActiveCfg = Release|Any CPU
		{96025591-5FEC-4A22-B81A-01A7D25DB38D}.Release|x64.Build.0 = Release|Any CPU
		{96025591-5FEC-4A22-B81A-01A7D25DB38D}.Release|x86.ActiveCfg = Release|Any CPU
		{96025591-5FEC-4A22-B81A-01A7D25DB38D}.Release|x86.Build.0 = Release|Any CPU
		{A498D92A-1969-4ECE-8299-D555C7CAE4CC}.Debug|Any CPU.ActiveCfg = Debug|Any CPU
		{A498D92A-1969-4ECE-8299-D555C7CAE4CC}.Debug|Any CPU.Build.0 = Debug|Any CPU
		{A498D92A-1969-4ECE-8299-D555C7CAE4CC}.Debug|x64.ActiveCfg = Debug|Any CPU
		{A498D92A-1969-4ECE-8299-D555C7CAE4CC}.Debug|x64.Build.0 = Debug|Any CPU
		{A498D92A-1969-4ECE-8299-D555C7CAE4CC}.Debug|x86.ActiveCfg = Debug|Any CPU
		{A498D92A-1969-4ECE-8299-D555C7CAE4CC}.Debug|x86.Build.0 = Debug|Any CPU
		{A498D92A-1969-4ECE-8299-D555C7CAE4CC}.Release|Any CPU.ActiveCfg = Release|Any CPU
		{A498D92A-1969-4ECE-8299-D555C7CAE4CC}.Release|Any CPU.Build.0 = Release|Any CPU
		{A498D92A-1969-4ECE-8299-D555C7CAE4CC}.Release|x64.ActiveCfg = Release|Any CPU
		{A498D92A-1969-4ECE-8299-D555C7CAE4CC}.Release|x64.Build.0 = Release|Any CPU
		{A498D92A-1969-4ECE-8299-D555C7CAE4CC}.Release|x86.ActiveCfg = Release|Any CPU
		{A498D92A-1969-4ECE-8299-D555C7CAE4CC}.Release|x86.Build.0 = Release|Any CPU
		{EDFFDEEC-9234-4C42-9E2E-7B9B39A712D3}.Debug|Any CPU.ActiveCfg = Debug|Any CPU
		{EDFFDEEC-9234-4C42-9E2E-7B9B39A712D3}.Debug|Any CPU.Build.0 = Debug|Any CPU
		{EDFFDEEC-9234-4C42-9E2E-7B9B39A712D3}.Debug|x64.ActiveCfg = Debug|Any CPU
		{EDFFDEEC-9234-4C42-9E2E-7B9B39A712D3}.Debug|x64.Build.0 = Debug|Any CPU
		{EDFFDEEC-9234-4C42-9E2E-7B9B39A712D3}.Debug|x86.ActiveCfg = Debug|Any CPU
		{EDFFDEEC-9234-4C42-9E2E-7B9B39A712D3}.Debug|x86.Build.0 = Debug|Any CPU
		{EDFFDEEC-9234-4C42-9E2E-7B9B39A712D3}.Release|Any CPU.ActiveCfg = Release|Any CPU
		{EDFFDEEC-9234-4C42-9E2E-7B9B39A712D3}.Release|Any CPU.Build.0 = Release|Any CPU
		{EDFFDEEC-9234-4C42-9E2E-7B9B39A712D3}.Release|x64.ActiveCfg = Release|Any CPU
		{EDFFDEEC-9234-4C42-9E2E-7B9B39A712D3}.Release|x64.Build.0 = Release|Any CPU
		{EDFFDEEC-9234-4C42-9E2E-7B9B39A712D3}.Release|x86.ActiveCfg = Release|Any CPU
		{EDFFDEEC-9234-4C42-9E2E-7B9B39A712D3}.Release|x86.Build.0 = Release|Any CPU
	EndGlobalSection
EndGlobal
